
Microsoft Visual Studio Solution File, Format Version 12.00
# Visual Studio Version 17
VisualStudioVersion = 17.14.37628.2 d17.14
MinimumVisualStudioVersion = 10.0.40219.1
Project("{FAE04EC0-301F-11D3-BF4B-00C04F79EFBC}") = "PmqLesson07", "PmqLesson07.csproj", "{533F8A6F-691E-4915-99D1-9CA34A9011EE}"
EndProject
Global
	GlobalSection(SolutionConfigurationPlatforms) = preSolution
		Debug|Any CPU = Debug|Any CPU
		Release|Any CPU = Release|Any CPU
	EndGlobalSection
	GlobalSection(ProjectConfigurationPlatforms) = postSolution
		{533F8A6F-691E-4915-99D1-9CA34A9011EE}.Debug|Any CPU.ActiveCfg = Debug|Any CPU
		{533F8A6F-691E-4915-99D1-9CA34A9011EE}.Debug|Any CPU.Build.0 = Debug|Any CPU
		{533F8A6F-691E-4915-99D1-9CA34A9011EE}.Release|Any CPU.ActiveCfg = Release|Any CPU
		{533F8A6F-691E-4915-99D1-9CA34A9011EE}.Release|Any CPU.Build.0 = Release|Any CPU
	EndGlobalSection
	GlobalSection(SolutionProperties) = preSolution
		HideSolutionNode = FALSE
	EndGlobalSection
	GlobalSection(ExtensibilityGlobals) = postSolution
		SolutionGuid = {DC18E030-D1FC-46E1-BE24-371302068FCD}
	EndGlobalSection
EndGlobal
